Microsoft Visual Studio Solution File, Format Version 10.00
# Visual C++ Express 2008
Project("{8BC9CEB8-8B4A-11D0-8D11-00A0C91BC942}") = "Dune 2", "Dune 2.vcproj", "{FB9D6C0C-78F1-4FBF-8F74-315D1C022D00}"
EndProject
Global
	GlobalSection(SolutionConfigurationPlatforms) = preSolution
		Debug|Win32 = Debug|Win32
		Release|Win32 = Release|Win32
	EndGlobalSection
	GlobalSection(ProjectConfigurationPlatforms) = postSolution
		{FB9D6C0C-78F1-4FBF-8F74-315D1C022D00}.Debug|Win32.ActiveCfg = Debug|Win32
		{FB9D6C0C-78F1-4FBF-8F74-315D1C022D00}.Debug|Win32.Build.0 = Debug|Win32
		{FB9D6C0C-78F1-4FBF-8F74-315D1C022D00}.Release|Win32.ActiveCfg = Release|Win32
		{FB9D6C0C-78F1-4FBF-8F74-315D1C022D00}.Release|Win32.Build.0 = Release|Win32
	EndGlobalSection
	GlobalSection(SolutionProperties) = preSolution
		HideSolutionNode = FALSE
	EndGlobalSection
EndGlobal
