
Microsoft Visual Studio Solution File, Format Version 11.00
# Visual Studio 2010
Project("{8BC9CEB8-8B4A-11D0-8D11-00A0C91BC942}") = "alfont_dll", "alfont_dll.vcxproj", "{F677EC46-7450-137F-F9BA-F6CA66ECFEBE}"
EndProject
Project("{8BC9CEB8-8B4A-11D0-8D11-00A0C91BC942}") = "alfont_static", "alfont_static.vcxproj", "{CD2A4C64-A913-AD45-A06D-38DFB4D901CA}"
EndProject
Project("{8BC9CEB8-8B4A-11D0-8D11-00A0C91BC942}") = "example1", "examples\example1.vcxproj", "{035C4CD8-43AC-42BB-24E8-8DA6859DF2FE}"
EndProject
Global
	GlobalSection(SolutionConfigurationPlatforms) = preSolution
		MD|Win32 = MD|Win32
		Release|Win32 = Release|Win32
		Template|Win32 = Template|Win32
	EndGlobalSection
	GlobalSection(ProjectConfigurationPlatforms) = postSolution
		{F677EC46-7450-137F-F9BA-F6CA66ECFEBE}.MD|Win32.ActiveCfg = MD|Win32
		{F677EC46-7450-137F-F9BA-F6CA66ECFEBE}.MD|Win32.Build.0 = MD|Win32
		{F677EC46-7450-137F-F9BA-F6CA66ECFEBE}.Release|Win32.ActiveCfg = MD|Win32
		{F677EC46-7450-137F-F9BA-F6CA66ECFEBE}.Release|Win32.Build.0 = MD|Win32
		{F677EC46-7450-137F-F9BA-F6CA66ECFEBE}.Template|Win32.ActiveCfg = MD|Win32
		{F677EC46-7450-137F-F9BA-F6CA66ECFEBE}.Template|Win32.Build.0 = MD|Win32
		{CD2A4C64-A913-AD45-A06D-38DFB4D901CA}.MD|Win32.ActiveCfg = MD|Win32
		{CD2A4C64-A913-AD45-A06D-38DFB4D901CA}.MD|Win32.Build.0 = MD|Win32
		{CD2A4C64-A913-AD45-A06D-38DFB4D901CA}.Release|Win32.ActiveCfg = Template|Win32
		{CD2A4C64-A913-AD45-A06D-38DFB4D901CA}.Release|Win32.Build.0 = Template|Win32
		{CD2A4C64-A913-AD45-A06D-38DFB4D901CA}.Template|Win32.ActiveCfg = Template|Win32
		{CD2A4C64-A913-AD45-A06D-38DFB4D901CA}.Template|Win32.Build.0 = Template|Win32
		{035C4CD8-43AC-42BB-24E8-8DA6859DF2FE}.MD|Win32.ActiveCfg = Template|Win32
		{035C4CD8-43AC-42BB-24E8-8DA6859DF2FE}.MD|Win32.Build.0 = Template|Win32
		{035C4CD8-43AC-42BB-24E8-8DA6859DF2FE}.Release|Win32.ActiveCfg = Release|Win32
		{035C4CD8-43AC-42BB-24E8-8DA6859DF2FE}.Release|Win32.Build.0 = Release|Win32
		{035C4CD8-43AC-42BB-24E8-8DA6859DF2FE}.Template|Win32.ActiveCfg = Template|Win32
		{035C4CD8-43AC-42BB-24E8-8DA6859DF2FE}.Template|Win32.Build.0 = Template|Win32
	EndGlobalSection
	GlobalSection(SolutionProperties) = preSolution
		HideSolutionNode = FALSE
	EndGlobalSection
EndGlobal
