<?xml version="1.0" encoding="utf-8"?>
<Project ToolsVersion="4.0" xmlns="http://schemas.microsoft.com/developer/msbuild/2003">
  <ItemGroup>
    <Filter Include="Source Files">
      <UniqueIdentifier>{4FC737F1-C7A5-4376-A066-2A32D752A2FF}</UniqueIdentifier>
      <Extensions>cpp;c;cc;cxx;def;odl;idl;hpj;bat;asm;asmx</Extensions>
    </Filter>
    <Filter Include="Header Files">
      <UniqueIdentifier>{93995380-89BD-4b04-88EB-625FBE52EBFB}</UniqueIdentifier>
      <Extensions>h;hpp;hxx;hm;inl;inc;xsd</Extensions>
    </Filter>
    <Filter Include="Resource Files">
      <UniqueIdentifier>{67DA6AB6-F800-4c08-8B7A-83BB121AAD01}</UniqueIdentifier>
      <Extensions>rc;ico;cur;bmp;dlg;rc2;rct;bin;rgs;gif;jpg;jpeg;jpe;resx;tiff;tif;png;wav</Extensions>
    </Filter>
  </ItemGroup>
  <ItemGroup>
    <ClCompile Include="ai.cpp">
      <Filter>Source Files</Filter>
    </ClCompile>
    <ClCompile Include="cGame_draw.cpp">
      <Filter>Source Files</Filter>
    </ClCompile>
    <ClCompile Include="cGame_logic.cpp">
      <Filter>Source Files</Filter>
    </ClCompile>
    <ClCompile Include="cMentat.cpp">
      <Filter>Source Files</Filter>
    </ClCompile>
    <ClCompile Include="ini.cpp">
      <Filter>Source Files</Filter>
    </ClCompile>
    <ClCompile Include="main.cpp">
      <Filter>Source Files</Filter>
    </ClCompile>
    <ClCompile Include="regions.cpp">
      <Filter>Source Files</Filter>
    </ClCompile>
    <ClCompile Include="timers.cpp">
      <Filter>Source Files</Filter>
    </ClCompile>
    <ClCompile Include="building\cItemBuilder.cpp">
      <Filter>Source Files</Filter>
    </ClCompile>
    <ClCompile Include="controls\cGameControlsContext.cpp">
      <Filter>Source Files</Filter>
    </ClCompile>
    <ClCompile Include="controls\cKeyboard.cpp">
      <Filter>Source Files</Filter>
    </ClCompile>
    <ClCompile Include="controls\cMouse.cpp">
      <Filter>Source Files</Filter>
    </ClCompile>
    <ClCompile Include="drawers\AllegroDrawer.cpp">
      <Filter>Source Files</Filter>
    </ClCompile>
    <ClCompile Include="drawers\BuildingListDrawer.cpp">
      <Filter>Source Files</Filter>
    </ClCompile>
    <ClCompile Include="drawers\CreditsDrawer.cpp">
      <Filter>Source Files</Filter>
    </ClCompile>
    <ClCompile Include="drawers\GameDrawer.cpp">
      <Filter>Source Files</Filter>
    </ClCompile>
    <ClCompile Include="drawers\MapDrawer.cpp">
      <Filter>Source Files</Filter>
    </ClCompile>
    <ClCompile Include="drawers\MessageBarDrawer.cpp">
      <Filter>Source Files</Filter>
    </ClCompile>
    <ClCompile Include="drawers\MiniMapDrawer.cpp">
      <Filter>Source Files</Filter>
    </ClCompile>
    <ClCompile Include="drawers\MouseDrawer.cpp">
      <Filter>Source Files</Filter>
    </ClCompile>
    <ClCompile Include="drawers\OrderDrawer.cpp">
      <Filter>Source Files</Filter>
    </ClCompile>
    <ClCompile Include="drawers\ParticleDrawer.cpp">
      <Filter>Source Files</Filter>
    </ClCompile>
    <ClCompile Include="drawers\PlaceItDrawer.cpp">
      <Filter>Source Files</Filter>
    </ClCompile>
    <ClCompile Include="drawers\SideBarDrawer.cpp">
      <Filter>Source Files</Filter>
    </ClCompile>
    <ClCompile Include="drawers\StructureDrawer.cpp">
      <Filter>Source Files</Filter>
    </ClCompile>
    <ClCompile Include="drawers\TextDrawer.cpp">
      <Filter>Source Files</Filter>
    </ClCompile>
    <ClCompile Include="drawers\UnitDrawer.cpp">
      <Filter>Source Files</Filter>
    </ClCompile>
    <ClCompile Include="drawers\UpgradeDrawer.cpp">
      <Filter>Source Files</Filter>
    </ClCompile>
    <ClCompile Include="factory\cGameFactory.cpp">
      <Filter>Source Files</Filter>
    </ClCompile>
    <ClCompile Include="gameobjects\GameObject.cpp">
      <Filter>Source Files</Filter>
    </ClCompile>
    <ClCompile Include="gameobjects\Rectangle.cpp">
      <Filter>Source Files</Filter>
    </ClCompile>
    <ClCompile Include="gameobjects\ScreenResolution.cpp">
      <Filter>Source Files</Filter>
    </ClCompile>
    <ClCompile Include="gameobjects\particles\Particle.cpp">
      <Filter>Source Files</Filter>
    </ClCompile>
    <ClCompile Include="gameobjects\projectiles\Projectile.cpp">
      <Filter>Source Files</Filter>
    </ClCompile>
    <ClCompile Include="gameobjects\structures\cAbstractStructure.cpp">
      <Filter>Source Files</Filter>
    </ClCompile>
    <ClCompile Include="gameobjects\structures\cBarracks.cpp">
      <Filter>Source Files</Filter>
    </ClCompile>
    <ClCompile Include="gameobjects\structures\cConstYard.cpp">
      <Filter>Source Files</Filter>
    </ClCompile>
    <ClCompile Include="gameobjects\structures\cGunTurret.cpp">
      <Filter>Source Files</Filter>
    </ClCompile>
    <ClCompile Include="gameobjects\structures\cHeavyFactory.cpp">
      <Filter>Source Files</Filter>
    </ClCompile>
    <ClCompile Include="gameobjects\structures\cHighTech.cpp">
      <Filter>Source Files</Filter>
    </ClCompile>
    <ClCompile Include="gameobjects\structures\cIx.cpp">
      <Filter>Source Files</Filter>
    </ClCompile>
    <ClCompile Include="gameobjects\structures\cLightFactory.cpp">
      <Filter>Source Files</Filter>
    </ClCompile>
    <ClCompile Include="gameobjects\structures\cOrderProcesser.cpp">
      <Filter>Source Files</Filter>
    </ClCompile>
    <ClCompile Include="gameobjects\structures\cOutPost.cpp">
      <Filter>Source Files</Filter>
    </ClCompile>
    <ClCompile Include="gameobjects\structures\cPalace.cpp">
      <Filter>Source Files</Filter>
    </ClCompile>
    <ClCompile Include="gameobjects\structures\cRefinery.cpp">
      <Filter>Source Files</Filter>
    </ClCompile>
    <ClCompile Include="gameobjects\structures\cRepairFacility.cpp">
      <Filter>Source Files</Filter>
    </ClCompile>
    <ClCompile Include="gameobjects\structures\cRocketTurret.cpp">
      <Filter>Source Files</Filter>
    </ClCompile>
    <ClCompile Include="gameobjects\structures\cSpiceSilo.cpp">
      <Filter>Source Files</Filter>
    </ClCompile>
    <ClCompile Include="gameobjects\structures\cStarPort.cpp">
      <Filter>Source Files</Filter>
    </ClCompile>
    <ClCompile Include="gameobjects\structures\cStructureFactory.cpp">
      <Filter>Source Files</Filter>
    </ClCompile>
    <ClCompile Include="gameobjects\structures\cStructurePlacer.cpp">
      <Filter>Source Files</Filter>
    </ClCompile>
    <ClCompile Include="gameobjects\structures\cWindTrap.cpp">
      <Filter>Source Files</Filter>
    </ClCompile>
    <ClCompile Include="gameobjects\structures\cWor.cpp">
      <Filter>Source Files</Filter>
    </ClCompile>
    <ClCompile Include="gameobjects\units\cAbstractUnit.cpp">
      <Filter>Source Files</Filter>
    </ClCompile>
    <ClCompile Include="gameobjects\units\cUnit.cpp">
      <Filter>Source Files</Filter>
    </ClCompile>
    <ClCompile Include="gameobjects\units\cUnitFactory.cpp">
      <Filter>Source Files</Filter>
    </ClCompile>
    <ClCompile Include="gameobjects\units\cUnitUtils.cpp">
      <Filter>Source Files</Filter>
    </ClCompile>
    <ClCompile Include="gui\GuiElement.cpp">
      <Filter>Source Files</Filter>
    </ClCompile>
    <ClCompile Include="gui\GuiInteractionDelegate.cpp">
      <Filter>Source Files</Filter>
    </ClCompile>
    <ClCompile Include="gui\MessageBar.cpp">
      <Filter>Source Files</Filter>
    </ClCompile>
    <ClCompile Include="gui\MouseToolTip.cpp">
      <Filter>Source Files</Filter>
    </ClCompile>
    <ClCompile Include="gui\TextWriter.cpp">
      <Filter>Source Files</Filter>
    </ClCompile>
    <ClCompile Include="gui\dialogs\DialogBuilder.cpp">
      <Filter>Source Files</Filter>
    </ClCompile>
    <ClCompile Include="gui\dialogs\MainMenuDialog.cpp">
      <Filter>Source Files</Filter>
    </ClCompile>
    <ClCompile Include="gui\shapes\GuiButton.cpp">
      <Filter>Source Files</Filter>
    </ClCompile>
    <ClCompile Include="gui\shapes\GuiShape.cpp">
      <Filter>Source Files</Filter>
    </ClCompile>
    <ClCompile Include="gui\shapes\GuiShapeFactory.cpp">
      <Filter>Source Files</Filter>
    </ClCompile>
    <ClCompile Include="gui\windows\GuiMainMenuWindow.cpp">
      <Filter>Source Files</Filter>
    </ClCompile>
    <ClCompile Include="gui\windows\GuiMainMenuWindowInteractionDelegate.cpp">
      <Filter>Source Files</Filter>
    </ClCompile>
    <ClCompile Include="gui\windows\GuiWindow.cpp">
      <Filter>Source Files</Filter>
    </ClCompile>
    <ClCompile Include="gui\windows\GuiWindowBuilder.cpp">
      <Filter>Source Files</Filter>
    </ClCompile>
    <ClCompile Include="managers\cCombatInteractionManager.cpp">
      <Filter>Source Files</Filter>
    </ClCompile>
    <ClCompile Include="managers\cInteractionManager.cpp">
      <Filter>Source Files</Filter>
    </ClCompile>
    <ClCompile Include="managers\cKeyboardManager.cpp">
      <Filter>Source Files</Filter>
    </ClCompile>
    <ClCompile Include="managers\cMenuInteractionManager.cpp">
      <Filter>Source Files</Filter>
    </ClCompile>
    <ClCompile Include="managers\RestManager.cpp">
      <Filter>Source Files</Filter>
    </ClCompile>
    <ClCompile Include="map\cMap.cpp">
      <Filter>Source Files</Filter>
    </ClCompile>
    <ClCompile Include="map\cMapCamera.cpp">
      <Filter>Source Files</Filter>
    </ClCompile>
    <ClCompile Include="map\cMapEditor.cpp">
      <Filter>Source Files</Filter>
    </ClCompile>
    <ClCompile Include="map\cRandomMapGenerator.cpp">
      <Filter>Source Files</Filter>
    </ClCompile>
    <ClCompile Include="mentat\cAtreidesMentat.cpp">
      <Filter>Source Files</Filter>
    </ClCompile>
    <ClCompile Include="mentat\cBenegesMentat.cpp">
      <Filter>Source Files</Filter>
    </ClCompile>
    <ClCompile Include="mentat\cHarkonnenMentat.cpp">
      <Filter>Source Files</Filter>
    </ClCompile>
    <ClCompile Include="mentat\cMentatFactory.cpp">
      <Filter>Source Files</Filter>
    </ClCompile>
    <ClCompile Include="mentat\cOrdosMentat.cpp">
      <Filter>Source Files</Filter>
    </ClCompile>
    <ClCompile Include="movie\cMovieDrawer.cpp">
      <Filter>Source Files</Filter>
    </ClCompile>
    <ClCompile Include="movie\cMoviePlayer.cpp">
      <Filter>Source Files</Filter>
    </ClCompile>
    <ClCompile Include="player\cPlayer.cpp">
      <Filter>Source Files</Filter>
    </ClCompile>
    <ClCompile Include="player\cPlayerAtreidesDifficultySettings.cpp">
      <Filter>Source Files</Filter>
    </ClCompile>
    <ClCompile Include="player\cPlayerDifficultySettings.cpp">
      <Filter>Source Files</Filter>
    </ClCompile>
    <ClCompile Include="player\cPlayerHarkonnenDifficultySettings.cpp">
      <Filter>Source Files</Filter>
    </ClCompile>
    <ClCompile Include="player\cPlayerOrdosDifficultySettings.cpp">
      <Filter>Source Files</Filter>
    </ClCompile>
    <ClCompile Include="player\cPlayerStatistics.cpp">
      <Filter>Source Files</Filter>
    </ClCompile>
    <ClCompile Include="sidebar\cBuildingList.cpp">
      <Filter>Source Files</Filter>
    </ClCompile>
    <ClCompile Include="sidebar\cBuildingListFactory.cpp">
      <Filter>Source Files</Filter>
    </ClCompile>
    <ClCompile Include="sidebar\cBuildingListItem.cpp">
      <Filter>Source Files</Filter>
    </ClCompile>
    <ClCompile Include="sidebar\cSideBar.cpp">
      <Filter>Source Files</Filter>
    </ClCompile>
    <ClCompile Include="sidebar\cSideBarFactory.cpp">
      <Filter>Source Files</Filter>
    </ClCompile>
    <ClCompile Include="states\MainMenuState.cpp">
      <Filter>Source Files</Filter>
    </ClCompile>
    <ClCompile Include="states\StateBuilder.cpp">
      <Filter>Source Files</Filter>
    </ClCompile>
    <ClCompile Include="upgrade\cBuildingListUpdater.cpp">
      <Filter>Source Files</Filter>
    </ClCompile>
    <ClCompile Include="upgrade\cListUpgrade.cpp">
      <Filter>Source Files</Filter>
    </ClCompile>
    <ClCompile Include="upgrade\cUpgradeBuilder.cpp">
      <Filter>Source Files</Filter>
    </ClCompile>
    <ClCompile Include="utils\BestScreenResolutionFinder.cpp">
      <Filter>Source Files</Filter>
    </ClCompile>
    <ClCompile Include="utils\CellCalculator.cpp">
      <Filter>Source Files</Filter>
    </ClCompile>
    <ClCompile Include="utils\cHitpointCalculator.cpp">
      <Filter>Source Files</Filter>
    </ClCompile>
    <ClCompile Include="utils\cListUtils.cpp">
      <Filter>Source Files</Filter>
    </ClCompile>
    <ClCompile Include="utils\cMapUtils.cpp">
      <Filter>Source Files</Filter>
    </ClCompile>
    <ClCompile Include="utils\common.cpp">
      <Filter>Source Files</Filter>
    </ClCompile>
    <ClCompile Include="utils\cPlayerUtils.cpp">
      <Filter>Source Files</Filter>
    </ClCompile>
    <ClCompile Include="utils\cSeedMap.cpp">
      <Filter>Source Files</Filter>
    </ClCompile>
    <ClCompile Include="utils\cSeedMapGenerator.cpp">
      <Filter>Source Files</Filter>
    </ClCompile>
    <ClCompile Include="utils\cSimpleCalculator.cpp">
      <Filter>Source Files</Filter>
    </ClCompile>
    <ClCompile Include="utils\cSoundPlayer.cpp">
      <Filter>Source Files</Filter>
    </ClCompile>
    <ClCompile Include="utils\cStructureUtils.cpp">
      <Filter>Source Files</Filter>
    </ClCompile>
    <ClCompile Include="utils\cTimeManager.cpp">
      <Filter>Source Files</Filter>
    </ClCompile>
    <ClCompile Include="utils\cUpgradeUtils.cpp">
      <Filter>Source Files</Filter>
    </ClCompile>
    <ClCompile Include="utils\d2tm_math.cpp">
      <Filter>Source Files</Filter>
    </ClCompile>
    <ClCompile Include="utils\Logger.cpp">
      <Filter>Source Files</Filter>
    </ClCompile>
    <ClCompile Include="utils\ScreenBlitter.cpp">
      <Filter>Source Files</Filter>
    </ClCompile>
  </ItemGroup>
  <ItemGroup>
    <ClInclude Include="abstracts.h">
      <Filter>Header Files</Filter>
    </ClInclude>
    <ClInclude Include="ai.h">
      <Filter>Header Files</Filter>
    </ClInclude>
    <ClInclude Include="cGame.h">
      <Filter>Header Files</Filter>
    </ClInclude>
    <ClInclude Include="cMentat.h">
      <Filter>Header Files</Filter>
    </ClInclude>
    <ClInclude Include="ini.h">
      <Filter>Header Files</Filter>
    </ClInclude>
    <ClInclude Include="regions.h">
      <Filter>Header Files</Filter>
    </ClInclude>
    <ClInclude Include="timers.h">
      <Filter>Header Files</Filter>
    </ClInclude>
    <ClInclude Include="building\cItemBuilder.h">
      <Filter>Header Files</Filter>
    </ClInclude>
    <ClInclude Include="controls\cGameControlsContext.h">
      <Filter>Header Files</Filter>
    </ClInclude>
    <ClInclude Include="controls\cKeyboard.h">
      <Filter>Header Files</Filter>
    </ClInclude>
    <ClInclude Include="controls\controlsh.h">
      <Filter>Header Files</Filter>
    </ClInclude>
    <ClInclude Include="controls\Mouse.h">
      <Filter>Header Files</Filter>
    </ClInclude>
    <ClInclude Include="drawers\AllegroDrawer.h">
      <Filter>Header Files</Filter>
    </ClInclude>
    <ClInclude Include="drawers\BuildingListDrawer.h">
      <Filter>Header Files</Filter>
    </ClInclude>
    <ClInclude Include="drawers\CreditsDrawer.h">
      <Filter>Header Files</Filter>
    </ClInclude>
    <ClInclude Include="drawers\drawersh.h">
      <Filter>Header Files</Filter>
    </ClInclude>
    <ClInclude Include="drawers\GameDrawer.h">
      <Filter>Header Files</Filter>
    </ClInclude>
    <ClInclude Include="drawers\MapDrawer.h">
      <Filter>Header Files</Filter>
    </ClInclude>
    <ClInclude Include="drawers\MessageBarDrawer.h">
      <Filter>Header Files</Filter>
    </ClInclude>
    <ClInclude Include="drawers\MiniMapDrawer.h">
      <Filter>Header Files</Filter>
    </ClInclude>
    <ClInclude Include="drawers\MouseDrawer.h">
      <Filter>Header Files</Filter>
    </ClInclude>
    <ClInclude Include="drawers\OrderDrawer.h">
      <Filter>Header Files</Filter>
    </ClInclude>
    <ClInclude Include="drawers\ParticleDrawer.h">
      <Filter>Header Files</Filter>
    </ClInclude>
    <ClInclude Include="drawers\PlaceItDrawer.h">
      <Filter>Header Files</Filter>
    </ClInclude>
    <ClInclude Include="drawers\SideBarDrawer.h">
      <Filter>Header Files</Filter>
    </ClInclude>
    <ClInclude Include="drawers\StructureDrawer.h">
      <Filter>Header Files</Filter>
    </ClInclude>
    <ClInclude Include="drawers\TextDrawer.h">
      <Filter>Header Files</Filter>
    </ClInclude>
    <ClInclude Include="drawers\UnitDrawer.h">
      <Filter>Header Files</Filter>
    </ClInclude>
    <ClInclude Include="drawers\UpgradeDrawer.h">
      <Filter>Header Files</Filter>
    </ClInclude>
    <ClInclude Include="factory\cGameFactory.h">
      <Filter>Header Files</Filter>
    </ClInclude>
    <ClInclude Include="gameobjects\GameObject.h">
      <Filter>Header Files</Filter>
    </ClInclude>
    <ClInclude Include="gameobjects\gameobjects.h">
      <Filter>Header Files</Filter>
    </ClInclude>
    <ClInclude Include="gameobjects\Rectangle.h">
      <Filter>Header Files</Filter>
    </ClInclude>
    <ClInclude Include="gameobjects\ScreenResolution.h">
      <Filter>Header Files</Filter>
    </ClInclude>
    <ClInclude Include="gameobjects\particles\Particle.h">
      <Filter>Header Files</Filter>
    </ClInclude>
    <ClInclude Include="gameobjects\projectiles\Projectile.h">
      <Filter>Header Files</Filter>
    </ClInclude>
    <ClInclude Include="gameobjects\structures\cAbstractStructure.h">
      <Filter>Header Files</Filter>
    </ClInclude>
    <ClInclude Include="gameobjects\structures\cBarracks.h">
      <Filter>Header Files</Filter>
    </ClInclude>
    <ClInclude Include="gameobjects\structures\cConstYard.h">
      <Filter>Header Files</Filter>
    </ClInclude>
    <ClInclude Include="gameobjects\structures\cGunTurret.h">
      <Filter>Header Files</Filter>
    </ClInclude>
    <ClInclude Include="gameobjects\structures\cHeavyFactory.h">
      <Filter>Header Files</Filter>
    </ClInclude>
    <ClInclude Include="gameobjects\structures\cHighTech.h">
      <Filter>Header Files</Filter>
    </ClInclude>
    <ClInclude Include="gameobjects\structures\cIx.h">
      <Filter>Header Files</Filter>
    </ClInclude>
    <ClInclude Include="gameobjects\structures\cLightFactory.h">
      <Filter>Header Files</Filter>
    </ClInclude>
    <ClInclude Include="gameobjects\structures\cOrderProcesser.h">
      <Filter>Header Files</Filter>
    </ClInclude>
    <ClInclude Include="gameobjects\structures\cOutPost.h">
      <Filter>Header Files</Filter>
    </ClInclude>
    <ClInclude Include="gameobjects\structures\cPalace.h">
      <Filter>Header Files</Filter>
    </ClInclude>
    <ClInclude Include="gameobjects\structures\cRefinery.h">
      <Filter>Header Files</Filter>
    </ClInclude>
    <ClInclude Include="gameobjects\structures\cRepairFacility.h">
      <Filter>Header Files</Filter>
    </ClInclude>
    <ClInclude Include="gameobjects\structures\cRocketTurret.h">
      <Filter>Header Files</Filter>
    </ClInclude>
    <ClInclude Include="gameobjects\structures\cSpiceSilo.h">
      <Filter>Header Files</Filter>
    </ClInclude>
    <ClInclude Include="gameobjects\structures\cStarPort.h">
      <Filter>Header Files</Filter>
    </ClInclude>
    <ClInclude Include="gameobjects\structures\cStructureFactory.h">
      <Filter>Header Files</Filter>
    </ClInclude>
    <ClInclude Include="gameobjects\structures\cStructurePlacer.h">
      <Filter>Header Files</Filter>
    </ClInclude>
    <ClInclude Include="gameobjects\structures\cWindTrap.h">
      <Filter>Header Files</Filter>
    </ClInclude>
    <ClInclude Include="gameobjects\structures\cWor.h">
      <Filter>Header Files</Filter>
    </ClInclude>
    <ClInclude Include="gameobjects\structures\structuresh.h">
      <Filter>Header Files</Filter>
    </ClInclude>
    <ClInclude Include="gameobjects\units\cAbstractUnit.h">
      <Filter>Header Files</Filter>
    </ClInclude>
    <ClInclude Include="gameobjects\units\cUnit.h">
      <Filter>Header Files</Filter>
    </ClInclude>
    <ClInclude Include="gameobjects\units\cUnitFactory.h">
      <Filter>Header Files</Filter>
    </ClInclude>
    <ClInclude Include="gameobjects\units\cUnitUtils.h">
      <Filter>Header Files</Filter>
    </ClInclude>
    <ClInclude Include="gui\GuiColors.h">
      <Filter>Header Files</Filter>
    </ClInclude>
    <ClInclude Include="gui\GuiElement.h">
      <Filter>Header Files</Filter>
    </ClInclude>
    <ClInclude Include="gui\guih.h">
      <Filter>Header Files</Filter>
    </ClInclude>
    <ClInclude Include="gui\GuiInteractionDelegate.h">
      <Filter>Header Files</Filter>
    </ClInclude>
    <ClInclude Include="gui\MessageBar.h">
      <Filter>Header Files</Filter>
    </ClInclude>
    <ClInclude Include="gui\MouseToolTip.h">
      <Filter>Header Files</Filter>
    </ClInclude>
    <ClInclude Include="gui\TextWriter.h">
      <Filter>Header Files</Filter>
    </ClInclude>
    <ClInclude Include="gui\dialogs\DialogBuilder.h">
      <Filter>Header Files</Filter>
    </ClInclude>
    <ClInclude Include="gui\dialogs\MainMenuDialog.h">
      <Filter>Header Files</Filter>
    </ClInclude>
    <ClInclude Include="gui\shapes\GuiButton.h">
      <Filter>Header Files</Filter>
    </ClInclude>
    <ClInclude Include="gui\shapes\GuiShape.h">
      <Filter>Header Files</Filter>
    </ClInclude>
    <ClInclude Include="gui\shapes\GuiShapeFactory.h">
      <Filter>Header Files</Filter>
    </ClInclude>
    <ClInclude Include="gui\windows\GuiMainMenuWindow.h">
      <Filter>Header Files</Filter>
    </ClInclude>
    <ClInclude Include="gui\windows\GuiMainMenuWindowInteractionDelegate.h">
      <Filter>Header Files</Filter>
    </ClInclude>
    <ClInclude Include="gui\windows\GuiWindow.h">
      <Filter>Header Files</Filter>
    </ClInclude>
    <ClInclude Include="gui\windows\GuiWindowBuilder.h">
      <Filter>Header Files</Filter>
    </ClInclude>
    <ClInclude Include="include\allegroh.h">
      <Filter>Header Files</Filter>
    </ClInclude>
    <ClInclude Include="include\d2tmc.h">
      <Filter>Header Files</Filter>
    </ClInclude>
    <ClInclude Include="include\d2tmh.h">
      <Filter>Header Files</Filter>
    </ClInclude>
    <ClInclude Include="include\data.h">
      <Filter>Header Files</Filter>
    </ClInclude>
    <ClInclude Include="include\definitions.h">
      <Filter>Header Files</Filter>
    </ClInclude>
    <ClInclude Include="include\drawers.h">
      <Filter>Header Files</Filter>
    </ClInclude>
    <ClInclude Include="include\enums.h">
      <Filter>Header Files</Filter>
    </ClInclude>
    <ClInclude Include="include\fblend.h">
      <Filter>Header Files</Filter>
    </ClInclude>
    <ClInclude Include="include\gamelogic.h">
      <Filter>Header Files</Filter>
    </ClInclude>
    <ClInclude Include="include\gameobjects.h">
      <Filter>Header Files</Filter>
    </ClInclude>
    <ClInclude Include="include\GameState.h">
      <Filter>Header Files</Filter>
    </ClInclude>
    <ClInclude Include="include\global.h">
      <Filter>Header Files</Filter>
    </ClInclude>
    <ClInclude Include="include\gui.h">
      <Filter>Header Files</Filter>
    </ClInclude>
    <ClInclude Include="include\managers.h">
      <Filter>Header Files</Filter>
    </ClInclude>
    <ClInclude Include="include\mmx.h">
      <Filter>Header Files</Filter>
    </ClInclude>
    <ClInclude Include="include\sse.h">
      <Filter>Header Files</Filter>
    </ClInclude>
    <ClInclude Include="include\structs.h">
      <Filter>Header Files</Filter>
    </ClInclude>
    <ClInclude Include="include\system.h">
      <Filter>Header Files</Filter>
    </ClInclude>
    <ClInclude Include="include\utils.h">
      <Filter>Header Files</Filter>
    </ClInclude>
    <ClInclude Include="include\data\gfxaudio.h">
      <Filter>Header Files</Filter>
    </ClInclude>
    <ClInclude Include="include\data\gfxdata.h">
      <Filter>Header Files</Filter>
    </ClInclude>
    <ClInclude Include="include\data\gfxinter.h">
      <Filter>Header Files</Filter>
    </ClInclude>
    <ClInclude Include="include\data\gfxmentat.h">
      <Filter>Header Files</Filter>
    </ClInclude>
    <ClInclude Include="include\data\gfxworld.h">
      <Filter>Header Files</Filter>
    </ClInclude>
    <ClInclude Include="include\data\mp3mus.h">
      <Filter>Header Files</Filter>
    </ClInclude>
    <ClInclude Include="managers\cCombatInteractionManager.h">
      <Filter>Header Files</Filter>
    </ClInclude>
    <ClInclude Include="managers\cInteractionManager.h">
      <Filter>Header Files</Filter>
    </ClInclude>
    <ClInclude Include="managers\cKeyboardManager.h">
      <Filter>Header Files</Filter>
    </ClInclude>
    <ClInclude Include="managers\cMenuInteractionManager.h">
      <Filter>Header Files</Filter>
    </ClInclude>
    <ClInclude Include="managers\managerh.h">
      <Filter>Header Files</Filter>
    </ClInclude>
    <ClInclude Include="managers\RestManager.h">
      <Filter>Header Files</Filter>
    </ClInclude>
    <ClInclude Include="map\cMap.h">
      <Filter>Header Files</Filter>
    </ClInclude>
    <ClInclude Include="map\cMapCamera.h">
      <Filter>Header Files</Filter>
    </ClInclude>
    <ClInclude Include="map\cMapCell.h">
      <Filter>Header Files</Filter>
    </ClInclude>
    <ClInclude Include="map\cMapEditor.h">
      <Filter>Header Files</Filter>
    </ClInclude>
    <ClInclude Include="map\cRandomMapGenerator.h">
      <Filter>Header Files</Filter>
    </ClInclude>
    <ClInclude Include="map\maph.h">
      <Filter>Header Files</Filter>
    </ClInclude>
    <ClInclude Include="mentat\cAtreidesMentat.h">
      <Filter>Header Files</Filter>
    </ClInclude>
    <ClInclude Include="mentat\cBenegesMentat.h">
      <Filter>Header Files</Filter>
    </ClInclude>
    <ClInclude Include="mentat\cHarkonnenMentat.h">
      <Filter>Header Files</Filter>
    </ClInclude>
    <ClInclude Include="mentat\cMentatFactory.h">
      <Filter>Header Files</Filter>
    </ClInclude>
    <ClInclude Include="mentat\cOrdosMentat.h">
      <Filter>Header Files</Filter>
    </ClInclude>
    <ClInclude Include="movie\cMovieDrawer.h">
      <Filter>Header Files</Filter>
    </ClInclude>
    <ClInclude Include="movie\cMoviePlayer.h">
      <Filter>Header Files</Filter>
    </ClInclude>
    <ClInclude Include="player\cPlayer.h">
      <Filter>Header Files</Filter>
    </ClInclude>
    <ClInclude Include="player\cPlayerAtreidesDifficultySettings.h">
      <Filter>Header Files</Filter>
    </ClInclude>
    <ClInclude Include="player\cPlayerDifficultySettings.h">
      <Filter>Header Files</Filter>
    </ClInclude>
    <ClInclude Include="player\cPlayerHarkonnenDifficultySettings.h">
      <Filter>Header Files</Filter>
    </ClInclude>
    <ClInclude Include="player\cPlayerOrdosDifficultySettings.h">
      <Filter>Header Files</Filter>
    </ClInclude>
    <ClInclude Include="player\cPlayerStatistics.h">
      <Filter>Header Files</Filter>
    </ClInclude>
    <ClInclude Include="player\playerh.h">
      <Filter>Header Files</Filter>
    </ClInclude>
    <ClInclude Include="sidebar\cBuildingList.h">
      <Filter>Header Files</Filter>
    </ClInclude>
    <ClInclude Include="sidebar\cBuildingListFactory.h">
      <Filter>Header Files</Filter>
    </ClInclude>
    <ClInclude Include="sidebar\cBuildingListItem.h">
      <Filter>Header Files</Filter>
    </ClInclude>
    <ClInclude Include="sidebar\cSideBar.h">
      <Filter>Header Files</Filter>
    </ClInclude>
    <ClInclude Include="sidebar\cSideBarFactory.h">
      <Filter>Header Files</Filter>
    </ClInclude>
    <ClInclude Include="sidebar\eBuildType.h">
      <Filter>Header Files</Filter>
    </ClInclude>
    <ClInclude Include="sidebar\sidebarh.h">
      <Filter>Header Files</Filter>
    </ClInclude>
    <ClInclude Include="states\MainMenuState.h">
      <Filter>Header Files</Filter>
    </ClInclude>
    <ClInclude Include="states\State.h">
      <Filter>Header Files</Filter>
    </ClInclude>
    <ClInclude Include="states\StateBuilder.h">
      <Filter>Header Files</Filter>
    </ClInclude>
    <ClInclude Include="states\StateRunner.h">
      <Filter>Header Files</Filter>
    </ClInclude>
    <ClInclude Include="upgrade\cBuildingListUpdater.h">
      <Filter>Header Files</Filter>
    </ClInclude>
    <ClInclude Include="upgrade\cListUpgrade.h">
      <Filter>Header Files</Filter>
    </ClInclude>
    <ClInclude Include="upgrade\cUpgradeBuilder.h">
      <Filter>Header Files</Filter>
    </ClInclude>
    <ClInclude Include="upgrade\upgradeh.h">
      <Filter>Header Files</Filter>
    </ClInclude>
    <ClInclude Include="utils\BestScreenResolutionFinder.h">
      <Filter>Header Files</Filter>
    </ClInclude>
    <ClInclude Include="utils\CellCalculator.h">
      <Filter>Header Files</Filter>
    </ClInclude>
    <ClInclude Include="utils\cHitpointCalculator.h">
      <Filter>Header Files</Filter>
    </ClInclude>
    <ClInclude Include="utils\cListUtils.h">
      <Filter>Header Files</Filter>
    </ClInclude>
    <ClInclude Include="utils\cMapUtils.h">
      <Filter>Header Files</Filter>
    </ClInclude>
    <ClInclude Include="utils\common.h">
      <Filter>Header Files</Filter>
    </ClInclude>
    <ClInclude Include="utils\cPlayerUtils.h">
      <Filter>Header Files</Filter>
    </ClInclude>
    <ClInclude Include="utils\cSeedMap.h">
      <Filter>Header Files</Filter>
    </ClInclude>
    <ClInclude Include="utils\cSeedMapGenerator.h">
      <Filter>Header Files</Filter>
    </ClInclude>
    <ClInclude Include="utils\cSimpleCalculator.h">
      <Filter>Header Files</Filter>
    </ClInclude>
    <ClInclude Include="utils\cSoundPlayer.h">
      <Filter>Header Files</Filter>
    </ClInclude>
    <ClInclude Include="utils\cStructureUtils.h">
      <Filter>Header Files</Filter>
    </ClInclude>
    <ClInclude Include="utils\cTimeManager.h">
      <Filter>Header Files</Filter>
    </ClInclude>
    <ClInclude Include="utils\cUpgradeUtils.h">
      <Filter>Header Files</Filter>
    </ClInclude>
    <ClInclude Include="utils\d2tm_math.h">
      <Filter>Header Files</Filter>
    </ClInclude>
    <ClInclude Include="utils\Logger.h">
      <Filter>Header Files</Filter>
    </ClInclude>
    <ClInclude Include="utils\ScreenBlitter.h">
      <Filter>Header Files</Filter>
    </ClInclude>
    <ClInclude Include="utils\utilsh.h">
      <Filter>Header Files</Filter>
    </ClInclude>
  </ItemGroup>
</Project>